
Microsoft Visual Studio Solution File, Format Version 12.00
# Visual Studio 2012
Project("{8BC9CEB8-8B4A-11D0-8D11-00A0C91BC942}") = "ddc", "ddc\ddc.vcxproj", "{350C8BF2-0634-4D6B-9C3F-838995785283}"
EndProject
Global
	GlobalSection(SolutionConfigurationPlatforms) = preSolution
		Debug|Win32 = Debug|Win32
		Release|Win32 = Release|Win32
	EndGlobalSection
	GlobalSection(ProjectConfigurationPlatforms) = postSolution
		{350C8BF2-0634-4D6B-9C3F-838995785283}.Debug|Win32.ActiveCfg = Debug|Win32
		{350C8BF2-0634-4D6B-9C3F-838995785283}.Debug|Win32.Build.0 = Debug|Win32
		{350C8BF2-0634-4D6B-9C3F-838995785283}.Release|Win32.ActiveCfg = Release|Win32
		{350C8BF2-0634-4D6B-9C3F-838995785283}.Release|Win32.Build.0 = Release|Win32
	EndGlobalSection
	GlobalSection(SolutionProperties) = preSolution
		HideSolutionNode = FALSE
	EndGlobalSection
EndGlobal
